{
  "name": "demo_rename",
  "version": "1.0.0",
  "lockfileVersion": 2,
  "requires": true,
  "packages": {
    "": {
      "name": "demo_rename",
      "version": "1.0.0",
      "license": "MIT",
      "dependencies": {
        "@abaplint/cli": "^2.106.6"
      }
    },
    "node_modules/@abaplint/cli": {
      "version": "2.106.6",
      "resolved": "https://registry.npmjs.org/@abaplint/cli/-/cli-2.106.6.tgz",
      "integrity": "sha512-1zGDEEZ73MujvNcGg9NR1nMFrKKSkZslbUs9JqxNVBLLPcA7sWIz3kuMOTPP7tb1bfCUijWPpRVnjkhDpM03jg==",
      "bin": {
        "abaplint": "abaplint"
      },
      "engines": {
        "node": ">=12.0.0"
      },
      "funding": {
        "url": "https://github.com/sponsors/larshp"
      }
    }
  },
  "dependencies": {
    "@abaplint/cli": {
      "version": "2.106.6",
      "resolved": "https://registry.npmjs.org/@abaplint/cli/-/cli-2.106.6.tgz",
      "integrity": "sha512-1zGDEEZ73MujvNcGg9NR1nMFrKKSkZslbUs9JqxNVBLLPcA7sWIz3kuMOTPP7tb1bfCUijWPpRVnjkhDpM03jg=="
    }
  }
}
