{
  "name": "demo_rename",
  "version": "1.0.0",
  "lockfileVersion": 2,
  "requires": true,
  "packages": {
    "": {
      "name": "demo_rename",
      "version": "1.0.0",
      "license": "MIT",
      "dependencies": {
        "@abaplint/cli": "^2.106.8"
      }
    },
    "node_modules/@abaplint/cli": {
      "version": "2.106.8",
      "resolved": "https://registry.npmjs.org/@abaplint/cli/-/cli-2.106.8.tgz",
      "integrity": "sha512-JOA1jCNx/OcW/RAtmEjWhGy4FIQ3QM6DKNMIYhuosgn3lgQ4rycOKIxA8pkpmvWOsBqDVNxaiK7wlCLoyTer0Q==",
      "bin": {
        "abaplint": "abaplint"
      },
      "engines": {
        "node": ">=12.0.0"
      },
      "funding": {
        "url": "https://github.com/sponsors/larshp"
      }
    }
  },
  "dependencies": {
    "@abaplint/cli": {
      "version": "2.106.8",
      "resolved": "https://registry.npmjs.org/@abaplint/cli/-/cli-2.106.8.tgz",
      "integrity": "sha512-JOA1jCNx/OcW/RAtmEjWhGy4FIQ3QM6DKNMIYhuosgn3lgQ4rycOKIxA8pkpmvWOsBqDVNxaiK7wlCLoyTer0Q=="
    }
  }
}
